// !$*UTF8*$!
{
	archiveVersion = 1;
	classes = {
	};
	objectVersion = 55;
	objects = {

/* Begin PBXBuildFile section */
		280123CA27BE9B82007A8BEC /* NeomorphicTheme.swift in Sources */ = {isa = PBXBuildFile; fileRef = 280123C927BE9B82007A8BEC /* NeomorphicTheme.swift */; };
		280123CD27BEA6AC007A8BEC /* NeomorphicButtonStyle.swift in Sources */ = {isa = PBXBuildFile; fileRef = 280123CC27BEA6AC007A8BEC /* NeomorphicButtonStyle.swift */; };
		280123CF27BEA859007A8BEC /* Theme.swift in Sources */ = {isa = PBXBuildFile; fileRef = 280123CE27BEA859007A8BEC /* Theme.swift */; };
		280123D127BEA9D8007A8BEC /* LinearGradient.swift in Sources */ = {isa = PBXBuildFile; fileRef = 280123D027BEA9D8007A8BEC /* LinearGradient.swift */; };
		280123D427BEB710007A8BEC /* NeomorphicBackground.swift in Sources */ = {isa = PBXBuildFile; fileRef = 280123D327BEB710007A8BEC /* NeomorphicBackground.swift */; };
		28F5608127BD52E8005824EC /* CalculatorApp.swift in Sources */ = {isa = PBXBuildFile; fileRef = 28F5608027BD52E8005824EC /* CalculatorApp.swift */; };
		28F5608327BD52E8005824EC /* ContentView.swift in Sources */ = {isa = PBXBuildFile; fileRef = 28F5608227BD52E8005824EC /* ContentView.swift */; };
		28F5608527BD52EA005824EC /* Assets.xcassets in Resources */ = {isa = PBXBuildFile; fileRef = 28F5608427BD52EA005824EC /* Assets.xcassets */; };
		28F5608827BD52EA005824EC /* Preview Assets.xcassets in Resources */ = {isa = PBXBuildFile; fileRef = 28F5608727BD52EA005824EC /* Preview Assets.xcassets */; };
		28F5609627BD5D1F005824EC /* StyleGuide.swift in Sources */ = {isa = PBXBuildFile; fileRef = 28F5609527BD5D1F005824EC /* StyleGuide.swift */; };
		28F5609827BD692B005824EC /* Color.swift in Sources */ = {isa = PBXBuildFile; fileRef = 28F5609727BD692B005824EC /* Color.swift */; };
/* End PBXBuildFile section */

/* Begin PBXFileReference section */
		280123C927BE9B82007A8BEC /* NeomorphicTheme.swift */ = {isa = PBXFileReference; lastKnownFileType = sourcecode.swift; path = NeomorphicTheme.swift; sourceTree = "<group>"; };
		280123CC27BEA6AC007A8BEC /* NeomorphicButtonStyle.swift */ = {isa = PBXFileReference; lastKnownFileType = sourcecode.swift; path = NeomorphicButtonStyle.swift; sourceTree = "<group>"; };
		280123CE27BEA859007A8BEC /* Theme.swift */ = {isa = PBXFileReference; lastKnownFileType = sourcecode.swift; path = Theme.swift; sourceTree = "<group>"; };
		280123D027BEA9D8007A8BEC /* LinearGradient.swift */ = {isa = PBXFileReference; lastKnownFileType = sourcecode.swift; path = LinearGradient.swift; sourceTree = "<group>"; };
		280123D327BEB710007A8BEC /* NeomorphicBackground.swift */ = {isa = PBXFileReference; lastKnownFileType = sourcecode.swift; path = NeomorphicBackground.swift; sourceTree = "<group>"; };
		28F5607D27BD52E8005824EC /* Calculator.app */ = {isa = PBXFileReference; explicitFileType = wrapper.application; includeInIndex = 0; path = Calculator.app; sourceTree = BUILT_PRODUCTS_DIR; };
		28F5608027BD52E8005824EC /* CalculatorApp.swift */ = {isa = PBXFileReference; lastKnownFileType = sourcecode.swift; path = CalculatorApp.swift; sourceTree = "<group>"; };
		28F5608227BD52E8005824EC /* ContentView.swift */ = {isa = PBXFileReference; lastKnownFileType = sourcecode.swift; path = ContentView.swift; sourceTree = "<group>"; };
		28F5608427BD52EA005824EC /* Assets.xcassets */ = {isa = PBXFileReference; lastKnownFileType = folder.assetcatalog; path = Assets.xcassets; sourceTree = "<group>"; };
		28F5608727BD52EA005824EC /* Preview Assets.xcassets */ = {isa = PBXFileReference; lastKnownFileType = folder.assetcatalog; path = "Preview Assets.xcassets"; sourceTree = "<group>"; };
		28F5609527BD5D1F005824EC /* StyleGuide.swift */ = {isa = PBXFileReference; lastKnownFileType = sourcecode.swift; path = StyleGuide.swift; sourceTree = "<group>"; };
		28F5609727BD692B005824EC /* Color.swift */ = {isa = PBXFileReference; lastKnownFileType = sourcecode.swift; path = Color.swift; sourceTree = "<group>"; };
/* End PBXFileReference section */

/* Begin PBXFrameworksBuildPhase section */
		28F5607A27BD52E8005824EC /* Frameworks */ = {
			isa = PBXFrameworksBuildPhase;
			buildActionMask = 2147483647;
			files = (
			);
			runOnlyForDeploymentPostprocessing = 0;
		};
/* End PBXFrameworksBuildPhase section */

/* Begin PBXGroup section */
		280123CB27BEA68A007A8BEC /* Styles */ = {
			isa = PBXGroup;
			children = (
				280123CC27BEA6AC007A8BEC /* NeomorphicButtonStyle.swift */,
			);
			path = Styles;
			sourceTree = "<group>";
		};
		280123D227BEB6E6007A8BEC /* Components */ = {
			isa = PBXGroup;
			children = (
				280123D327BEB710007A8BEC /* NeomorphicBackground.swift */,
			);
			path = Components;
			sourceTree = "<group>";
		};
		28F5607427BD52E8005824EC = {
			isa = PBXGroup;
			children = (
				28F5607F27BD52E8005824EC /* Calculator */,
				28F5607E27BD52E8005824EC /* Products */,
			);
			sourceTree = "<group>";
		};
		28F5607E27BD52E8005824EC /* Products */ = {
			isa = PBXGroup;
			children = (
				28F5607D27BD52E8005824EC /* Calculator.app */,
			);
			name = Products;
			sourceTree = "<group>";
		};
		28F5607F27BD52E8005824EC /* Calculator */ = {
			isa = PBXGroup;
			children = (
				28F5609227BD5320005824EC /* Model */,
				28F5609027BD5306005824EC /* View */,
				28F5609127BD5316005824EC /* ViewModel */,
				28F5608F27BD52FF005824EC /* Resources */,
				28F5608E27BD52FA005824EC /* Utils */,
				28F5608227BD52E8005824EC /* ContentView.swift */,
				28F5608627BD52EA005824EC /* Preview Content */,
			);
			path = Calculator;
			sourceTree = "<group>";
		};
		28F5608627BD52EA005824EC /* Preview Content */ = {
			isa = PBXGroup;
			children = (
				28F5608727BD52EA005824EC /* Preview Assets.xcassets */,
			);
			path = "Preview Content";
			sourceTree = "<group>";
		};
		28F5608E27BD52FA005824EC /* Utils */ = {
			isa = PBXGroup;
			children = (
				280123CB27BEA68A007A8BEC /* Styles */,
				28F5609427BD5C12005824EC /* Extension */,
				28F5609327BD5C0E005824EC /* Enum */,
			);
			path = Utils;
			sourceTree = "<group>";
		};
		28F5608F27BD52FF005824EC /* Resources */ = {
			isa = PBXGroup;
			children = (
				28F5608427BD52EA005824EC /* Assets.xcassets */,
			);
			path = Resources;
			sourceTree = "<group>";
		};
		28F5609027BD5306005824EC /* View */ = {
			isa = PBXGroup;
			children = (
				280123D227BEB6E6007A8BEC /* Components */,
				28F5608027BD52E8005824EC /* CalculatorApp.swift */,
			);
			path = View;
			sourceTree = "<group>";
		};
		28F5609127BD5316005824EC /* ViewModel */ = {
			isa = PBXGroup;
			children = (
			);
			path = ViewModel;
			sourceTree = "<group>";
		};
		28F5609227BD5320005824EC /* Model */ = {
			isa = PBXGroup;
			children = (
				280123C927BE9B82007A8BEC /* NeomorphicTheme.swift */,
			);
			path = Model;
			sourceTree = "<group>";
		};
		28F5609327BD5C0E005824EC /* Enum */ = {
			isa = PBXGroup;
			children = (
				28F5609527BD5D1F005824EC /* StyleGuide.swift */,
				280123CE27BEA859007A8BEC /* Theme.swift */,
			);
			path = Enum;
			sourceTree = "<group>";
		};
		28F5609427BD5C12005824EC /* Extension */ = {
			isa = PBXGroup;
			children = (
				28F5609727BD692B005824EC /* Color.swift */,
				280123D027BEA9D8007A8BEC /* LinearGradient.swift */,
			);
			path = Extension;
			sourceTree = "<group>";
		};
/* End PBXGroup section */

/* Begin PBXNativeTarget section */
		28F5607C27BD52E8005824EC /* Calculator */ = {
			isa = PBXNativeTarget;
			buildConfigurationList = 28F5608B27BD52EA005824EC /* Build configuration list for PBXNativeTarget "Calculator" */;
			buildPhases = (
				28F5607927BD52E8005824EC /* Sources */,
				28F5607A27BD52E8005824EC /* Frameworks */,
				28F5607B27BD52E8005824EC /* Resources */,
			);
			buildRules = (
			);
			dependencies = (
			);
			name = Calculator;
			productName = Calculator;
			productReference = 28F5607D27BD52E8005824EC /* Calculator.app */;
			productType = "com.apple.product-type.application";
		};
/* End PBXNativeTarget section */

/* Begin PBXProject section */
		28F5607527BD52E8005824EC /* Project object */ = {
			isa = PBXProject;
			attributes = {
				BuildIndependentTargetsInParallel = 1;
				LastSwiftUpdateCheck = 1320;
				LastUpgradeCheck = 1320;
				TargetAttributes = {
					28F5607C27BD52E8005824EC = {
						CreatedOnToolsVersion = 13.2.1;
					};
				};
			};
			buildConfigurationList = 28F5607827BD52E8005824EC /* Build configuration list for PBXProject "Calculator" */;
			compatibilityVersion = "Xcode 13.0";
			developmentRegion = en;
			hasScannedForEncodings = 0;
			knownRegions = (
				en,
				Base,
			);
			mainGroup = 28F5607427BD52E8005824EC;
			productRefGroup = 28F5607E27BD52E8005824EC /* Products */;
			projectDirPath = "";
			projectRoot = "";
			targets = (
				28F5607C27BD52E8005824EC /* Calculator */,
			);
		};
/* End PBXProject section */

/* Begin PBXResourcesBuildPhase section */
		28F5607B27BD52E8005824EC /* Resources */ = {
			isa = PBXResourcesBuildPhase;
			buildActionMask = 2147483647;
			files = (
				28F5608827BD52EA005824EC /* Preview Assets.xcassets in Resources */,
				28F5608527BD52EA005824EC /* Assets.xcassets in Resources */,
			);
			runOnlyForDeploymentPostprocessing = 0;
		};
/* End PBXResourcesBuildPhase section */

/* Begin PBXSourcesBuildPhase section */
		28F5607927BD52E8005824EC /* Sources */ = {
			isa = PBXSourcesBuildPhase;
			buildActionMask = 2147483647;
			files = (
				280123D127BEA9D8007A8BEC /* LinearGradient.swift in Sources */,
				28F5608327BD52E8005824EC /* ContentView.swift in Sources */,
				28F5609827BD692B005824EC /* Color.swift in Sources */,
				28F5608127BD52E8005824EC /* CalculatorApp.swift in Sources */,
				280123D427BEB710007A8BEC /* NeomorphicBackground.swift in Sources */,
				280123CD27BEA6AC007A8BEC /* NeomorphicButtonStyle.swift in Sources */,
				280123CA27BE9B82007A8BEC /* NeomorphicTheme.swift in Sources */,
				28F5609627BD5D1F005824EC /* StyleGuide.swift in Sources */,
				280123CF27BEA859007A8BEC /* Theme.swift in Sources */,
			);
			runOnlyForDeploymentPostprocessing = 0;
		};
/* End PBXSourcesBuildPhase section */

/* Begin XCBuildConfiguration section */
		28F5608927BD52EA005824EC /* Debug */ = {
			isa = XCBuildConfiguration;
			buildSettings = {
				ALWAYS_SEARCH_USER_PATHS = NO;
				CLANG_ANALYZER_NONNULL = YES;
				CLANG_ANALYZER_NUMBER_OBJECT_CONVERSION = YES_AGGRESSIVE;
				CLANG_CXX_LANGUAGE_STANDARD = "gnu++17";
				CLANG_CXX_LIBRARY = "libc++";
				CLANG_ENABLE_MODULES = YES;
				CLANG_ENABLE_OBJC_ARC = YES;
				CLANG_ENABLE_OBJC_WEAK = YES;
				CLANG_WARN_BLOCK_CAPTURE_AUTORELEASING = YES;
				CLANG_WARN_BOOL_CONVERSION = YES;
				CLANG_WARN_COMMA = YES;
				CLANG_WARN_CONSTANT_CONVERSION = YES;
				CLANG_WARN_DEPRECATED_OBJC_IMPLEMENTATIONS = YES;
				CLANG_WARN_DIRECT_OBJC_ISA_USAGE = YES_ERROR;
				CLANG_WARN_DOCUMENTATION_COMMENTS = YES;
				CLANG_WARN_EMPTY_BODY = YES;
				CLANG_WARN_ENUM_CONVERSION = YES;
				CLANG_WARN_INFINITE_RECURSION = YES;
				CLANG_WARN_INT_CONVERSION = YES;
				CLANG_WARN_NON_LITERAL_NULL_CONVERSION = YES;
				CLANG_WARN_OBJC_IMPLICIT_RETAIN_SELF = YES;
				CLANG_WARN_OBJC_LITERAL_CONVERSION = YES;
				CLANG_WARN_OBJC_ROOT_CLASS = YES_ERROR;
				CLANG_WARN_QUOTED_INCLUDE_IN_FRAMEWORK_HEADER = YES;
				CLANG_WARN_RANGE_LOOP_ANALYSIS = YES;
				CLANG_WARN_STRICT_PROTOTYPES = YES;
				CLANG_WARN_SUSPICIOUS_MOVE = YES;
				CLANG_WARN_UNGUARDED_AVAILABILITY = YES_AGGRESSIVE;
				CLANG_WARN_UNREACHABLE_CODE = YES;
				CLANG_WARN__DUPLICATE_METHOD_MATCH = YES;
				COPY_PHASE_STRIP = NO;
				DEBUG_INFORMATION_FORMAT = dwarf;
				ENABLE_STRICT_OBJC_MSGSEND = YES;
				ENABLE_TESTABILITY = YES;
				GCC_C_LANGUAGE_STANDARD = gnu11;
				GCC_DYNAMIC_NO_PIC = NO;
				GCC_NO_COMMON_BLOCKS = YES;
				GCC_OPTIMIZATION_LEVEL = 0;
				GCC_PREPROCESSOR_DEFINITIONS = (
					"DEBUG=1",
					"$(inherited)",
				);
				GCC_WARN_64_TO_32_BIT_CONVERSION = YES;
				GCC_WARN_ABOUT_RETURN_TYPE = YES_ERROR;
				GCC_WARN_UNDECLARED_SELECTOR = YES;
				GCC_WARN_UNINITIALIZED_AUTOS = YES_AGGRESSIVE;
				GCC_WARN_UNUSED_FUNCTION = YES;
				GCC_WARN_UNUSED_VARIABLE = YES;
				IPHONEOS_DEPLOYMENT_TARGET = 15.2;
				MTL_ENABLE_DEBUG_INFO = INCLUDE_SOURCE;
				MTL_FAST_MATH = YES;
				ONLY_ACTIVE_ARCH = YES;
				SDKROOT = iphoneos;
				SWIFT_ACTIVE_COMPILATION_CONDITIONS = DEBUG;
				SWIFT_OPTIMIZATION_LEVEL = "-Onone";
			};
			name = Debug;
		};
		28F5608A27BD52EA005824EC /* Release */ = {
			isa = XCBuildConfiguration;
			buildSettings = {
				ALWAYS_SEARCH_USER_PATHS = NO;
				CLANG_ANALYZER_NONNULL = YES;
				CLANG_ANALYZER_NUMBER_OBJECT_CONVERSION = YES_AGGRESSIVE;
				CLANG_CXX_LANGUAGE_STANDARD = "gnu++17";
				CLANG_CXX_LIBRARY = "libc++";
				CLANG_ENABLE_MODULES = YES;
				CLANG_ENABLE_OBJC_ARC = YES;
				CLANG_ENABLE_OBJC_WEAK = YES;
				CLANG_WARN_BLOCK_CAPTURE_AUTORELEASING = YES;
				CLANG_WARN_BOOL_CONVERSION = YES;
				CLANG_WARN_COMMA = YES;
				CLANG_WARN_CONSTANT_CONVERSION = YES;
				CLANG_WARN_DEPRECATED_OBJC_IMPLEMENTATIONS = YES;
				CLANG_WARN_DIRECT_OBJC_ISA_USAGE = YES_ERROR;
				CLANG_WARN_DOCUMENTATION_COMMENTS = YES;
				CLANG_WARN_EMPTY_BODY = YES;
				CLANG_WARN_ENUM_CONVERSION = YES;
				CLANG_WARN_INFINITE_RECURSION = YES;
				CLANG_WARN_INT_CONVERSION = YES;
				CLANG_WARN_NON_LITERAL_NULL_CONVERSION = YES;
				CLANG_WARN_OBJC_IMPLICIT_RETAIN_SELF = YES;
				CLANG_WARN_OBJC_LITERAL_CONVERSION = YES;
				CLANG_WARN_OBJC_ROOT_CLASS = YES_ERROR;
				CLANG_WARN_QUOTED_INCLUDE_IN_FRAMEWORK_HEADER = YES;
				CLANG_WARN_RANGE_LOOP_ANALYSIS = YES;
				CLANG_WARN_STRICT_PROTOTYPES = YES;
				CLANG_WARN_SUSPICIOUS_MOVE = YES;
				CLANG_WARN_UNGUARDED_AVAILABILITY = YES_AGGRESSIVE;
				CLANG_WARN_UNREACHABLE_CODE = YES;
				CLANG_WARN__DUPLICATE_METHOD_MATCH = YES;
				COPY_PHASE_STRIP = NO;
				DEBUG_INFORMATION_FORMAT = "dwarf-with-dsym";
				ENABLE_NS_ASSERTIONS = NO;
				ENABLE_STRICT_OBJC_MSGSEND = YES;
				GCC_C_LANGUAGE_STANDARD = gnu11;
				GCC_NO_COMMON_BLOCKS = YES;
				GCC_WARN_64_TO_32_BIT_CONVERSION = YES;
				GCC_WARN_ABOUT_RETURN_TYPE = YES_ERROR;
				GCC_WARN_UNDECLARED_SELECTOR = YES;
				GCC_WARN_UNINITIALIZED_AUTOS = YES_AGGRESSIVE;
				GCC_WARN_UNUSED_FUNCTION = YES;
				GCC_WARN_UNUSED_VARIABLE = YES;
				IPHONEOS_DEPLOYMENT_TARGET = 15.2;
				MTL_ENABLE_DEBUG_INFO = NO;
				MTL_FAST_MATH = YES;
				SDKROOT = iphoneos;
				SWIFT_COMPILATION_MODE = wholemodule;
				SWIFT_OPTIMIZATION_LEVEL = "-O";
				VALIDATE_PRODUCT = YES;
			};
			name = Release;
		};
		28F5608C27BD52EA005824EC /* Debug */ = {
			isa = XCBuildConfiguration;
			buildSettings = {
				ASSETCATALOG_COMPILER_APPICON_NAME = AppIcon;
				ASSETCATALOG_COMPILER_GLOBAL_ACCENT_COLOR_NAME = AccentColor;
				CODE_SIGN_STYLE = Automatic;
				CURRENT_PROJECT_VERSION = 1;
				DEVELOPMENT_ASSET_PATHS = "\"Calculator/Preview Content\"";
				DEVELOPMENT_TEAM = M4K2UP2N9Q;
				ENABLE_PREVIEWS = YES;
				GENERATE_INFOPLIST_FILE = YES;
				INFOPLIST_KEY_UIApplicationSceneManifest_Generation = YES;
				INFOPLIST_KEY_UIApplicationSupportsIndirectInputEvents = YES;
				INFOPLIST_KEY_UILaunchScreen_Generation = YES;
				INFOPLIST_KEY_UISupportedInterfaceOrientations_iPad = "UIInterfaceOrientationPortrait UIInterfaceOrientationPortraitUpsideDown UIInterfaceOrientationLandscapeLeft UIInterfaceOrientationLandscapeRight";
				INFOPLIST_KEY_UISupportedInterfaceOrientations_iPhone = "UIInterfaceOrientationPortrait UIInterfaceOrientationLandscapeLeft UIInterfaceOrientationLandscapeRight";
				LD_RUNPATH_SEARCH_PATHS = (
					"$(inherited)",
					"@executable_path/Frameworks",
				);
				MARKETING_VERSION = 1.0;
				PRODUCT_BUNDLE_IDENTIFIER = com.ar.z.Calculator;
				PRODUCT_NAME = "$(TARGET_NAME)";
				SWIFT_EMIT_LOC_STRINGS = YES;
				SWIFT_VERSION = 5.0;
				TARGETED_DEVICE_FAMILY = "1,2";
			};
			name = Debug;
		};
		28F5608D27BD52EA005824EC /* Release */ = {
			isa = XCBuildConfiguration;
			buildSettings = {
				ASSETCATALOG_COMPILER_APPICON_NAME = AppIcon;
				ASSETCATALOG_COMPILER_GLOBAL_ACCENT_COLOR_NAME = AccentColor;
				CODE_SIGN_STYLE = Automatic;
				CURRENT_PROJECT_VERSION = 1;
				DEVELOPMENT_ASSET_PATHS = "\"Calculator/Preview Content\"";
				DEVELOPMENT_TEAM = M4K2UP2N9Q;
				ENABLE_PREVIEWS = YES;
				GENERATE_INFOPLIST_FILE = YES;
				INFOPLIST_KEY_UIApplicationSceneManifest_Generation = YES;
				INFOPLIST_KEY_UIApplicationSupportsIndirectInputEvents = YES;
				INFOPLIST_KEY_UILaunchScreen_Generation = YES;
				INFOPLIST_KEY_UISupportedInterfaceOrientations_iPad = "UIInterfaceOrientationPortrait UIInterfaceOrientationPortraitUpsideDown UIInterfaceOrientationLandscapeLeft UIInterfaceOrientationLandscapeRight";
				INFOPLIST_KEY_UISupportedInterfaceOrientations_iPhone = "UIInterfaceOrientationPortrait UIInterfaceOrientationLandscapeLeft UIInterfaceOrientationLandscapeRight";
				LD_RUNPATH_SEARCH_PATHS = (
					"$(inherited)",
					"@executable_path/Frameworks",
				);
				MARKETING_VERSION = 1.0;
				PRODUCT_BUNDLE_IDENTIFIER = com.ar.z.Calculator;
				PRODUCT_NAME = "$(TARGET_NAME)";
				SWIFT_EMIT_LOC_STRINGS = YES;
				SWIFT_VERSION = 5.0;
				TARGETED_DEVICE_FAMILY = "1,2";
			};
			name = Release;
		};
/* End XCBuildConfiguration section */

/* Begin XCConfigurationList section */
		28F5607827BD52E8005824EC /* Build configuration list for PBXProject "Calculator" */ = {
			isa = XCConfigurationList;
			buildConfigurations = (
				28F5608927BD52EA005824EC /* Debug */,
				28F5608A27BD52EA005824EC /* Release */,
			);
			defaultConfigurationIsVisible = 0;
			defaultConfigurationName = Release;
		};
		28F5608B27BD52EA005824EC /* Build configuration list for PBXNativeTarget "Calculator" */ = {
			isa = XCConfigurationList;
			buildConfigurations = (
				28F5608C27BD52EA005824EC /* Debug */,
				28F5608D27BD52EA005824EC /* Release */,
			);
			defaultConfigurationIsVisible = 0;
			defaultConfigurationName = Release;
		};
/* End XCConfigurationList section */
	};
	rootObject = 28F5607527BD52E8005824EC /* Project object */;
}
